github.com/aws/aws-lambda-go v1.47.0 h1:0H8s0vumYx/YKs4sE7YM0ktwL2eWse+kfopsRI1sXVI=
github.com/aws/aws-lambda-go v1.47.0/go.mod h1:dpMpZgvWx5vuQJfBt0zqBha60q7Dd7RfgJv23DymV8A=
github.com/aws/aws-sdk-go v1.55.5 h1:KKUZBfBoyqy5d3swXyiC7Q76ic40rYcbqH7qjh59kzU=
github.com/aws/aws-sdk-go v1.55.5/go.mod h1:eRwEWoyTWFMVYVQzKMNHWP5/RV4xIUGMQfXQHfHkpNU=
github.com/aws/aws-sdk-go-v2 v1.32.2 h1:AkNLZEyYMLnx/Q/mSKkcMqwNFXMAvFto9bNsHqcTduI=
github.com/aws/aws-sdk-go-v2 v1.32.2/go.mod h1:2SK5n0a2karNTv5tbP1SjsX0uhttou00v/HpXKM1ZUo=
github.com/aws/aws-sdk-go-v2/config v1.27.39 h1:FCylu78eTGzW1ynHcongXK9YHtoXD5AiiUqq3YfJYjU=
github.com/aws/aws-sdk-go-v2/config v1.27.39/go.mod h1:wczj2hbyskP4LjMKBEZwPRO1shXY+GsQleab+ZXT2ik=
github.com/aws/aws-sdk-go-v2/credentials v1.17.37 h1:G2aOH01yW8X373JK419THj5QVqu9vKEwxSEsGxihoW0=
github.com/aws/aws-sdk-go-v2/credentials v1.17.37/go.mod h1:0ecCjlb7htYCptRD45lXJ6aJDQac6D2NlKGpZqyTG6A=
github.com/aws/aws-sdk-go-v2/feature/ec2/imds v1.16.14 h1:C/d03NAmh8C4BZXhuRNboF/DqhBkBCeDiJDcaqIT5pA=
github.com/aws/aws-sdk-go-v2/feature/ec2/imds v1.16.14/go.mod h1:7I0Ju7p9mCIdlrfS+JCgqcYD0VXz/N4yozsox+0o078=
github.com/aws/aws-sdk-go-v2/internal/configsources v1.3.21 h1:UAsR3xA31QGf79WzpG/ixT9FZvQlh5HY1NRqSHBNOCk=
github.com/aws/aws-sdk-go-v2/internal/configsources v1.3.21/go.mod h1:JNr43NFf5L9YaG3eKTm7HQzls9J+A9YYcGI5Quh1r2Y=
github.com/aws/aws-sdk-go-v2/internal/endpoints/v2 v2.6.21 h1:6jZVETqmYCadGFvrYEQfC5fAQmlo80CeL5psbno6r0s=
github.com/aws/aws-sdk-go-v2/internal/endpoints/v2 v2.6.21/go.mod h1:1SR0GbLlnN3QUmYaflZNiH1ql+1qrSiB2vwcJ+4UM60=
github.com/aws/aws-sdk-go-v2/internal/ini v1.8.1 h1:VaRN3TlFdd6KxX1x3ILT5ynH6HvKgqdiXoTxAF4HQcQ=
github.com/aws/aws-sdk-go-v2/internal/ini v1.8.1/go.mod h1:FbtygfRFze9usAadmnGJNc8KsP346kEe+y2/oyhGAGc=
github.com/aws/aws-sdk-go-v2/service/internal/accept-encoding v1.11.5 h1:QFASJGfT8wMXtuP3D5CRmMjARHv9ZmzFUMJznHDOY3w=
github.com/aws/aws-sdk-go-v2/service/internal/accept-encoding v1.11.5/go.mod h1:QdZ3OmoIjSX+8D1OPAzPxDfjXASbBMDsz9qvtyIhtik=
github.com/aws/aws-sdk-go-v2/service/internal/presigned-url v1.11.20 h1:Xbwbmk44URTiHNx6PNo0ujDE6ERlsCKJD3u1zfnzAPg=
github.com/aws/aws-sdk-go-v2/service/internal/presigned-url v1.11.20/go.mod h1:oAfOFzUB14ltPZj1rWwRc3d/6OgD76R8KlvU3EqM9Fg=
github.com/aws/aws-sdk-go-v2/service/sso v1.23.3 h1:rs4JCczF805+FDv2tRhZ1NU0RB2H6ryAvsWPanAr72Y=
github.com/aws/aws-sdk-go-v2/service/sso v1.23.3/go.mod h1:XRlMvmad0ZNL+75C5FYdMvbbLkd6qiqz6foR1nA1PXY=
github.com/aws/aws-sdk-go-v2/service/ssooidc v1.27.3 h1:S7EPdMVZod8BGKQQPTBK+FcX9g7bKR7c4+HxWqHP7Vg=
github.com/aws/aws-sdk-go-v2/service/ssooidc v1.27.3/go.mod h1:FnvDM4sfa+isJ3kDXIzAB9GAwVSzFzSy97uZ3IsHo4E=
github.com/aws/aws-sdk-go-v2/service/sts v1.31.3 h1:VzudTFrDCIDakXtemR7l6Qzt2+JYsVqo2MxBPt5k8T8=
github.com/aws/aws-sdk-go-v2/service/sts v1.31.3/go.mod h1:yMWe0F+XG0DkRZK5ODZhG7BEFYhLXi2dqGsv6tX0cgI=
github.com/aws/aws-sdk-go-v2/service/verifiedpermissions v1.19.2 h1:V68mslijC0ZT+9XzIzQoRufzxuHvpyBJ2/u0YNxt0mI=
github.com/aws/aws-sdk-go-v2/service/verifiedpermissions v1.19.2/go.mod h1:GCRnt4FthuK+UYm3DKLyOIUe0q7bK9fpZryubMBgxoU=
github.com/aws/smithy-go v1.22.0 h1:uunKnWlcoL3zO7q+gG2Pk53joueEOsnNB28QdMsmiMM=
github.com/aws/smithy-go v1.22.0/go.mod h1:irrKGvNn1InZwb2d7fkIRNucdfwR8R+Ts3wxYa/cJHg=
github.com/davecgh/go-spew v1.1.1 h1:vj9j/u1bqnvCEfJOwUhtlOARqs3+rkHYY13jYWTU97c=
github.com/davecgh/go-spew v1.1.1/go.mod h1:J7Y8YcW2NihsgmVo/mv3lAwl/skON4iLHjSsI+c5H38=
github.com/jmespath/go-jmespath v0.4.0 h1:BEgLn5cpjn8UN1mAw4NjwDrS35OdebyEtFe+9YPoQUg=
github.com/jmespath/go-jmespath v0.4.0/go.mod h1:T8mJZnbsbmF+m6zOOFylbeCJqk5+pHWvzYPziyZiYoo=
github.com/jsmithdenverdev/pager/pkg/authz v1.2.0 h1:SKgOymDZVBeVFOq672i4yuiJz9kIFY7oQVIbO0fYuqY=
github.com/jsmithdenverdev/pager/pkg/authz v1.2.0/go.mod h1:+Av20/CmI12vpDuANzemguvYAqdoSm6NMQSjK8SGk54=
github.com/jsmithdenverdev/pager/pkg/codec v1.1.0 h1:lq0AveTkX6N7ZgkWRWBCX7odPdPuBMGuQ4XL/vzfjFk=
github.com/jsmithdenverdev/pager/pkg/codec v1.1.0/go.mod h1:MUiFrTS09hcPp64hiDCdDcuBSnxeZbLJw/AgwuWaREM=
github.com/jsmithdenverdev/pager/pkg/middleware v1.0.0 h1:y0Rv7AdCXBjHc+qHyACkoE20Umwp2YaFKAPbDtkWxHw=
github.com/jsmithdenverdev/pager/pkg/middleware v1.0.0/go.mod h1:o9aSYnBH+Bq6OoYldXijsflJtLeMg+r6qjNrcXMUvsk=
github.com/jsmithdenverdev/pager/pkg/problemdetail v1.1.0 h1:/AKI83Bv3N8m5EnOyNHv8J24wuszIf/B87xSucsjkys=
github.com/jsmithdenverdev/pager/pkg/problemdetail v1.1.0/go.mod h1:Bhm/VRSjNdvskvJ+fD1R1qLn8xG0gl14o9dfopJwBuw=
github.com/jsmithdenverdev/pager/pkg/valid v1.2.0 h1:a1M+j9Yjc75NAd6ysZ7TICjY0BzYKqCgeAqvEtho+cY=
github.com/jsmithdenverdev/pager/pkg/valid v1.2.0/go.mod h1:o+OMomsLJ1HdtWXX1pUFoYWYCOBtwAWJHMulnPgrR3k=
github.com/pmezard/go-difflib v1.0.0 h1:4DBwDE0NGyQoBHbLQYPwSUPoCMWR5BEzIk/f1lZbAQM=
github.com/pmezard/go-difflib v1.0.0/go.mod h1:iKH77koFhYxTK1pcRnkKkqfTogsbg7gZNVY4sRDYZ/4=
github.com/stretchr/testify v1.7.2 h1:4jaiDzPyXQvSd7D0EjG45355tLlV3VOECpq10pLC+8s=
github.com/stretchr/testify v1.7.2/go.mod h1:R6va5+xMeoiuVRoj+gSkQ7d3FALtqAAGI1FQKckRals=
gopkg.in/yaml.v3 v3.0.1 h1:fxVm/GzAzEWqLHuvctI91KS9hhNmmWOoWu0XTYJS7CA=
gopkg.in/yaml.v3 v3.0.1/go.mod h1:K4uyk7z7BCEPqu6E+C64Yfv1cQ7kz7rIZviUmN+EgEM=
